
Microsoft Visual Studio Solution File, Format Version 12.00
# Visual Studio Version 17
VisualStudioVersion = 17.9.34728.123
MinimumVisualStudioVersion = 10.0.40219.1
Project("{FAE04EC0-301F-11D3-BF4B-00C04F79EFBC}") = "Pract17", "Pract17\Pract17.csproj", "{2AC06011-7D5D-493C-A8ED-B80BF1B548EC}"
EndProject
Global
	GlobalSection(SolutionConfigurationPlatforms) = preSolution
		Debug|Any CPU = Debug|Any CPU
		Release|Any CPU = Release|Any CPU
	EndGlobalSection
	GlobalSection(ProjectConfigurationPlatforms) = postSolution
		{2AC06011-7D5D-493C-A8ED-B80BF1B548EC}.Debug|Any CPU.ActiveCfg = Debug|Any CPU
		{2AC06011-7D5D-493C-A8ED-B80BF1B548EC}.Debug|Any CPU.Build.0 = Debug|Any CPU
		{2AC06011-7D5D-493C-A8ED-B80BF1B548EC}.Release|Any CPU.ActiveCfg = Release|Any CPU
		{2AC06011-7D5D-493C-A8ED-B80BF1B548EC}.Release|Any CPU.Build.0 = Release|Any CPU
	EndGlobalSection
	GlobalSection(SolutionProperties) = preSolution
		HideSolutionNode = FALSE
	EndGlobalSection
	GlobalSection(ExtensibilityGlobals) = postSolution
		SolutionGuid = {6B6B3E26-4C24-4E87-8A56-0A97CC378763}
	EndGlobalSection
EndGlobal
